
Microsoft Visual Studio Solution File, Format Version 12.00
# Visual Studio 15
VisualStudioVersion = 15.0.26730.10
MinimumVisualStudioVersion = 10.0.40219.1
Project("{FAE04EC0-301F-11D3-BF4B-00C04F79EFBC}") = "WebApplication1", "WebApplication1\WebApplication1.csproj", "{3C1C7ABB-AC46-4535-B206-30523A1547CA}"
EndProject
Global
	GlobalSection(SolutionConfigurationPlatforms) = preSolution
		Debug|Any CPU = Debug|Any CPU
		Release|Any CPU = Release|Any CPU
	EndGlobalSection
	GlobalSection(ProjectConfigurationPlatforms) = postSolution
		{3C1C7ABB-AC46-4535-B206-30523A1547CA}.Debug|Any CPU.ActiveCfg = Debug|Any CPU
		{3C1C7ABB-AC46-4535-B206-30523A1547CA}.Debug|Any CPU.Build.0 = Debug|Any CPU
		{3C1C7ABB-AC46-4535-B206-30523A1547CA}.Release|Any CPU.ActiveCfg = Release|Any CPU
		{3C1C7ABB-AC46-4535-B206-30523A1547CA}.Release|Any CPU.Build.0 = Release|Any CPU
	EndGlobalSection
	GlobalSection(SolutionProperties) = preSolution
		HideSolutionNode = FALSE
	EndGlobalSection
	GlobalSection(ExtensibilityGlobals) = postSolution
		SolutionGuid = {716F17B0-B86F-4AD2-9276-F08C64013642}
	EndGlobalSection
EndGlobal
